
Microsoft Visual Studio Solution File, Format Version 12.00
# Visual Studio Version 17
VisualStudioVersion = 17.0.31521.260
MinimumVisualStudioVersion = 10.0.40219.1
Project("{9A19103F-16F7-4668-BE54-9A1E7A4F7556}") = "GameBoulette.Server", "GameBoulette\Server\GameBoulette.Server.csproj", "{5465DB83-69FC-488F-936F-B8315E571850}"
EndProject
Project("{9A19103F-16F7-4668-BE54-9A1E7A4F7556}") = "GameBoulette.Client", "GameBoulette\Client\GameBoulette.Client.csproj", "{49235BF7-F8BF-4E82-8D92-9B4B3BFC9D91}"
EndProject
Project("{9A19103F-16F7-4668-BE54-9A1E7A4F7556}") = "GameBoulette.Shared", "GameBoulette\Shared\GameBoulette.Shared.csproj", "{EE8F55E2-2361-41DE-965B-9E4640C10D2F}"
EndProject
Project("{FAE04EC0-301F-11D3-BF4B-00C04F79EFBC}") = "GameBoulette.Client.Model", "GameBoulette.Client.Model\GameBoulette.Client.Model.csproj", "{94813626-9722-4BC5-99A2-7ED46F753B2A}"
EndProject
Project("{2150E333-8FDC-42A3-9474-1A3956D46DE8}") = "src", "src", "{7D382D06-2D62-4D59-8C4B-B55A99098883}"
EndProject
Project("{2150E333-8FDC-42A3-9474-1A3956D46DE8}") = "Solution Items", "Solution Items", "{D4F2685A-219E-4385-95F3-B2F6913EDC9B}"
	ProjectSection(SolutionItems) = preProject
		..\README.md = ..\README.md
	EndProjectSection
EndProject
Global
	GlobalSection(SolutionConfigurationPlatforms) = preSolution
		Debug|Any CPU = Debug|Any CPU
		Release|Any CPU = Release|Any CPU
	EndGlobalSection
	GlobalSection(ProjectConfigurationPlatforms) = postSolution
		{5465DB83-69FC-488F-936F-B8315E571850}.Debug|Any CPU.ActiveCfg = Debug|Any CPU
		{5465DB83-69FC-488F-936F-B8315E571850}.Debug|Any CPU.Build.0 = Debug|Any CPU
		{5465DB83-69FC-488F-936F-B8315E571850}.Release|Any CPU.ActiveCfg = Release|Any CPU
		{5465DB83-69FC-488F-936F-B8315E571850}.Release|Any CPU.Build.0 = Release|Any CPU
		{49235BF7-F8BF-4E82-8D92-9B4B3BFC9D91}.Debug|Any CPU.ActiveCfg = Debug|Any CPU
		{49235BF7-F8BF-4E82-8D92-9B4B3BFC9D91}.Debug|Any CPU.Build.0 = Debug|Any CPU
		{49235BF7-F8BF-4E82-8D92-9B4B3BFC9D91}.Release|Any CPU.ActiveCfg = Release|Any CPU
		{49235BF7-F8BF-4E82-8D92-9B4B3BFC9D91}.Release|Any CPU.Build.0 = Release|Any CPU
		{EE8F55E2-2361-41DE-965B-9E4640C10D2F}.Debug|Any CPU.ActiveCfg = Debug|Any CPU
		{EE8F55E2-2361-41DE-965B-9E4640C10D2F}.Debug|Any CPU.Build.0 = Debug|Any CPU
		{EE8F55E2-2361-41DE-965B-9E4640C10D2F}.Release|Any CPU.ActiveCfg = Release|Any CPU
		{EE8F55E2-2361-41DE-965B-9E4640C10D2F}.Release|Any CPU.Build.0 = Release|Any CPU
		{94813626-9722-4BC5-99A2-7ED46F753B2A}.Debug|Any CPU.ActiveCfg = Debug|Any CPU
		{94813626-9722-4BC5-99A2-7ED46F753B2A}.Debug|Any CPU.Build.0 = Debug|Any CPU
		{94813626-9722-4BC5-99A2-7ED46F753B2A}.Release|Any CPU.ActiveCfg = Release|Any CPU
		{94813626-9722-4BC5-99A2-7ED46F753B2A}.Release|Any CPU.Build.0 = Release|Any CPU
	EndGlobalSection
	GlobalSection(SolutionProperties) = preSolution
		HideSolutionNode = FALSE
	EndGlobalSection
	GlobalSection(NestedProjects) = preSolution
		{5465DB83-69FC-488F-936F-B8315E571850} = {7D382D06-2D62-4D59-8C4B-B55A99098883}
		{49235BF7-F8BF-4E82-8D92-9B4B3BFC9D91} = {7D382D06-2D62-4D59-8C4B-B55A99098883}
		{EE8F55E2-2361-41DE-965B-9E4640C10D2F} = {7D382D06-2D62-4D59-8C4B-B55A99098883}
		{94813626-9722-4BC5-99A2-7ED46F753B2A} = {7D382D06-2D62-4D59-8C4B-B55A99098883}
	EndGlobalSection
	GlobalSection(ExtensibilityGlobals) = postSolution
		SolutionGuid = {55D7777A-4829-4728-B8AF-67C789252EAB}
	EndGlobalSection
EndGlobal
