
Microsoft Visual Studio Solution File, Format Version 12.00
# Visual Studio Version 17
VisualStudioVersion = 17.0.31521.260
MinimumVisualStudioVersion = 10.0.40219.1
Project("{9A19103F-16F7-4668-BE54-9A1E7A4F7556}") = "GameBoulette.Client.Model", "GameBoulette.Client.Model\GameBoulette.Client.Model.csproj", "{94813626-9722-4BC5-99A2-7ED46F753B2A}"
EndProject
Project("{2150E333-8FDC-42A3-9474-1A3956D46DE8}") = "src", "src", "{7D382D06-2D62-4D59-8C4B-B55A99098883}"
EndProject
Project("{2150E333-8FDC-42A3-9474-1A3956D46DE8}") = "Solution Items", "Solution Items", "{D4F2685A-219E-4385-95F3-B2F6913EDC9B}"
	ProjectSection(SolutionItems) = preProject
		..\DG-AppSpec.yaml = ..\DG-AppSpec.yaml
		..\README.md = ..\README.md
	EndProjectSection
EndProject
Project("{9A19103F-16F7-4668-BE54-9A1E7A4F7556}") = "GameBoulette.Client", "GameBoulette.Client\GameBoulette.Client.csproj", "{A748DADF-8F2C-4988-A72E-2ED1D89E43DF}"
EndProject
Project("{9A19103F-16F7-4668-BE54-9A1E7A4F7556}") = "GameBoulette.Server", "GameBoulette.Server\GameBoulette.Server.csproj", "{24ED582A-31FE-4D0F-8256-823EC8A74A0B}"
EndProject
Project("{9A19103F-16F7-4668-BE54-9A1E7A4F7556}") = "GameBoulette.Shared", "GameBoulette.Shared\GameBoulette.Shared.csproj", "{BD51DD30-02A6-451C-AC7B-EF02366FEC6C}"
EndProject
Global
	GlobalSection(SolutionConfigurationPlatforms) = preSolution
		Debug|Any CPU = Debug|Any CPU
		Release|Any CPU = Release|Any CPU
	EndGlobalSection
	GlobalSection(ProjectConfigurationPlatforms) = postSolution
		{94813626-9722-4BC5-99A2-7ED46F753B2A}.Debug|Any CPU.ActiveCfg = Debug|Any CPU
		{94813626-9722-4BC5-99A2-7ED46F753B2A}.Debug|Any CPU.Build.0 = Debug|Any CPU
		{94813626-9722-4BC5-99A2-7ED46F753B2A}.Release|Any CPU.ActiveCfg = Release|Any CPU
		{94813626-9722-4BC5-99A2-7ED46F753B2A}.Release|Any CPU.Build.0 = Release|Any CPU
		{A748DADF-8F2C-4988-A72E-2ED1D89E43DF}.Debug|Any CPU.ActiveCfg = Debug|Any CPU
		{A748DADF-8F2C-4988-A72E-2ED1D89E43DF}.Debug|Any CPU.Build.0 = Debug|Any CPU
		{A748DADF-8F2C-4988-A72E-2ED1D89E43DF}.Release|Any CPU.ActiveCfg = Release|Any CPU
		{A748DADF-8F2C-4988-A72E-2ED1D89E43DF}.Release|Any CPU.Build.0 = Release|Any CPU
		{24ED582A-31FE-4D0F-8256-823EC8A74A0B}.Debug|Any CPU.ActiveCfg = Debug|Any CPU
		{24ED582A-31FE-4D0F-8256-823EC8A74A0B}.Debug|Any CPU.Build.0 = Debug|Any CPU
		{24ED582A-31FE-4D0F-8256-823EC8A74A0B}.Release|Any CPU.ActiveCfg = Release|Any CPU
		{24ED582A-31FE-4D0F-8256-823EC8A74A0B}.Release|Any CPU.Build.0 = Release|Any CPU
		{BD51DD30-02A6-451C-AC7B-EF02366FEC6C}.Debug|Any CPU.ActiveCfg = Debug|Any CPU
		{BD51DD30-02A6-451C-AC7B-EF02366FEC6C}.Debug|Any CPU.Build.0 = Debug|Any CPU
		{BD51DD30-02A6-451C-AC7B-EF02366FEC6C}.Release|Any CPU.ActiveCfg = Release|Any CPU
		{BD51DD30-02A6-451C-AC7B-EF02366FEC6C}.Release|Any CPU.Build.0 = Release|Any CPU
	EndGlobalSection
	GlobalSection(SolutionProperties) = preSolution
		HideSolutionNode = FALSE
	EndGlobalSection
	GlobalSection(NestedProjects) = preSolution
		{94813626-9722-4BC5-99A2-7ED46F753B2A} = {7D382D06-2D62-4D59-8C4B-B55A99098883}
		{A748DADF-8F2C-4988-A72E-2ED1D89E43DF} = {7D382D06-2D62-4D59-8C4B-B55A99098883}
		{24ED582A-31FE-4D0F-8256-823EC8A74A0B} = {7D382D06-2D62-4D59-8C4B-B55A99098883}
		{BD51DD30-02A6-451C-AC7B-EF02366FEC6C} = {7D382D06-2D62-4D59-8C4B-B55A99098883}
	EndGlobalSection
	GlobalSection(ExtensibilityGlobals) = postSolution
		SolutionGuid = {55D7777A-4829-4728-B8AF-67C789252EAB}
	EndGlobalSection
EndGlobal
